
Microsoft Visual Studio Solution File, Format Version 12.00
# Visual Studio Version 16
VisualStudioVersion = 16.0.30114.105
MinimumVisualStudioVersion = 10.0.40219.1
Project("{FAE04EC0-301F-11D3-BF4B-00C04F79EFBC}") = "ElsaDashboardAndServer", "ElsaDashboardAndServer\ElsaDashboardAndServer.csproj", "{77365BC1-9B04-4B9B-9DEE-2EBEF10DECE5}"
EndProject
Global
	GlobalSection(SolutionConfigurationPlatforms) = preSolution
		Debug|Any CPU = Debug|Any CPU
		Release|Any CPU = Release|Any CPU
	EndGlobalSection
	GlobalSection(SolutionProperties) = preSolution
		HideSolutionNode = FALSE
	EndGlobalSection
	GlobalSection(ProjectConfigurationPlatforms) = postSolution
		{77365BC1-9B04-4B9B-9DEE-2EBEF10DECE5}.Debug|Any CPU.ActiveCfg = Debug|Any CPU
		{77365BC1-9B04-4B9B-9DEE-2EBEF10DECE5}.Debug|Any CPU.Build.0 = Debug|Any CPU
		{77365BC1-9B04-4B9B-9DEE-2EBEF10DECE5}.Release|Any CPU.ActiveCfg = Release|Any CPU
		{77365BC1-9B04-4B9B-9DEE-2EBEF10DECE5}.Release|Any CPU.Build.0 = Release|Any CPU
	EndGlobalSection
EndGlobal
